// !$*UTF8*$!
{
	archiveVersion = 1;
	classes = {
	};
	objectVersion = 77;
	objects = {

/* Begin PBXBuildFile section */
		E8A7FA012E284EE0004F952D /* TMer Watch App.app in Embed Watch Content */ = {isa = PBXBuildFile; fileRef = E8A7FA002E284EE0004F952D /* TMer Watch App.app */; settings = {ATTRIBUTES = (RemoveHeadersOnCopy, ); }; };
/* End PBXBuildFile section */

/* Begin PBXContainerItemProxy section */
		E8A7FA022E284EE0004F952D /* PBXContainerItemProxy */ = {
			isa = PBXContainerItemProxy;
			containerPortal = E8A7F9F42E284EE0004F952D /* Project object */;
			proxyType = 1;
			remoteGlobalIDString = E8A7F9FF2E284EE0004F952D;
			remoteInfo = "TMer Watch App";
		};
		E8A7FA102E284EE1004F952D /* PBXContainerItemProxy */ = {
			isa = PBXContainerItemProxy;
			containerPortal = E8A7F9F42E284EE0004F952D /* Project object */;
			proxyType = 1;
			remoteGlobalIDString = E8A7F9FF2E284EE0004F952D;
			remoteInfo = "TMer Watch App";
		};
		E8A7FA1A2E284EE1004F952D /* PBXContainerItemProxy */ = {
			isa = PBXContainerItemProxy;
			containerPortal = E8A7F9F42E284EE0004F952D /* Project object */;
			proxyType = 1;
			remoteGlobalIDString = E8A7F9FF2E284EE0004F952D;
			remoteInfo = "TMer Watch App";
		};
/* End PBXContainerItemProxy section */

/* Begin PBXCopyFilesBuildPhase section */
		E8A7FA262E284EE1004F952D /* Embed Watch Content */ = {
			isa = PBXCopyFilesBuildPhase;
			buildActionMask = 2147483647;
			dstPath = "$(CONTENTS_FOLDER_PATH)/Watch";
			dstSubfolderSpec = 16;
			files = (
				E8A7FA012E284EE0004F952D /* TMer Watch App.app in Embed Watch Content */,
			);
			name = "Embed Watch Content";
			runOnlyForDeploymentPostprocessing = 0;
		};
/* End PBXCopyFilesBuildPhase section */

/* Begin PBXFileReference section */
		E8A7F9FA2E284EE0004F952D /* TMer.app */ = {isa = PBXFileReference; explicitFileType = wrapper.application; includeInIndex = 0; path = TMer.app; sourceTree = BUILT_PRODUCTS_DIR; };
		E8A7FA002E284EE0004F952D /* TMer Watch App.app */ = {isa = PBXFileReference; explicitFileType = wrapper.application; includeInIndex = 0; path = "TMer Watch App.app"; sourceTree = BUILT_PRODUCTS_DIR; };
		E8A7FA0F2E284EE1004F952D /* TMer Watch AppTests.xctest */ = {isa = PBXFileReference; explicitFileType = wrapper.cfbundle; includeInIndex = 0; path = "TMer Watch AppTests.xctest"; sourceTree = BUILT_PRODUCTS_DIR; };
		E8A7FA192E284EE1004F952D /* TMer Watch AppUITests.xctest */ = {isa = PBXFileReference; explicitFileType = wrapper.cfbundle; includeInIndex = 0; path = "TMer Watch AppUITests.xctest"; sourceTree = BUILT_PRODUCTS_DIR; };
/* End PBXFileReference section */

/* Begin PBXFileSystemSynchronizedRootGroup section */
		E8A7FA042E284EE0004F952D /* TMer Watch App */ = {
			isa = PBXFileSystemSynchronizedRootGroup;
			path = "TMer Watch App";
			sourceTree = "<group>";
		};
		E8A7FA122E284EE1004F952D /* TMer Watch AppTests */ = {
			isa = PBXFileSystemSynchronizedRootGroup;
			path = "TMer Watch AppTests";
			sourceTree = "<group>";
		};
		E8A7FA1C2E284EE1004F952D /* TMer Watch AppUITests */ = {
			isa = PBXFileSystemSynchronizedRootGroup;
			path = "TMer Watch AppUITests";
			sourceTree = "<group>";
		};
/* End PBXFileSystemSynchronizedRootGroup section */

/* Begin PBXFrameworksBuildPhase section */
		E8A7F9FD2E284EE0004F952D /* Frameworks */ = {
			isa = PBXFrameworksBuildPhase;
			buildActionMask = 2147483647;
			files = (
			);
			runOnlyForDeploymentPostprocessing = 0;
		};
		E8A7FA0C2E284EE1004F952D /* Frameworks */ = {
			isa = PBXFrameworksBuildPhase;
			buildActionMask = 2147483647;
			files = (
			);
			runOnlyForDeploymentPostprocessing = 0;
		};
		E8A7FA162E284EE1004F952D /* Frameworks */ = {
			isa = PBXFrameworksBuildPhase;
			buildActionMask = 2147483647;
			files = (
			);
			runOnlyForDeploymentPostprocessing = 0;
		};
/* End PBXFrameworksBuildPhase section */

/* Begin PBXGroup section */
		E8A7F9F32E284EE0004F952D = {
			isa = PBXGroup;
			children = (
				E8A7FA042E284EE0004F952D /* TMer Watch App */,
				E8A7FA122E284EE1004F952D /* TMer Watch AppTests */,
				E8A7FA1C2E284EE1004F952D /* TMer Watch AppUITests */,
				E8A7F9FB2E284EE0004F952D /* Products */,
			);
			sourceTree = "<group>";
		};
		E8A7F9FB2E284EE0004F952D /* Products */ = {
			isa = PBXGroup;
			children = (
				E8A7F9FA2E284EE0004F952D /* TMer.app */,
				E8A7FA002E284EE0004F952D /* TMer Watch App.app */,
				E8A7FA0F2E284EE1004F952D /* TMer Watch AppTests.xctest */,
				E8A7FA192E284EE1004F952D /* TMer Watch AppUITests.xctest */,
			);
			name = Products;
			sourceTree = "<group>";
		};
/* End PBXGroup section */

/* Begin PBXNativeTarget section */
		E8A7F9F92E284EE0004F952D /* TMer */ = {
			isa = PBXNativeTarget;
			buildConfigurationList = E8A7FA272E284EE1004F952D /* Build configuration list for PBXNativeTarget "TMer" */;
			buildPhases = (
				E8A7F9F82E284EE0004F952D /* Resources */,
				E8A7FA262E284EE1004F952D /* Embed Watch Content */,
			);
			buildRules = (
			);
			dependencies = (
				E8A7FA032E284EE0004F952D /* PBXTargetDependency */,
			);
			name = TMer;
			packageProductDependencies = (
			);
			productName = TMer;
			productReference = E8A7F9FA2E284EE0004F952D /* TMer.app */;
			productType = "com.apple.product-type.application.watchapp2-container";
		};
		E8A7F9FF2E284EE0004F952D /* TMer Watch App */ = {
			isa = PBXNativeTarget;
			buildConfigurationList = E8A7FA232E284EE1004F952D /* Build configuration list for PBXNativeTarget "TMer Watch App" */;
			buildPhases = (
				E8A7F9FC2E284EE0004F952D /* Sources */,
				E8A7F9FD2E284EE0004F952D /* Frameworks */,
				E8A7F9FE2E284EE0004F952D /* Resources */,
			);
			buildRules = (
			);
			dependencies = (
			);
			fileSystemSynchronizedGroups = (
				E8A7FA042E284EE0004F952D /* TMer Watch App */,
			);
			name = "TMer Watch App";
			packageProductDependencies = (
			);
			productName = "TMer Watch App";
			productReference = E8A7FA002E284EE0004F952D /* TMer Watch App.app */;
			productType = "com.apple.product-type.application";
		};
		E8A7FA0E2E284EE1004F952D /* TMer Watch AppTests */ = {
			isa = PBXNativeTarget;
			buildConfigurationList = E8A7FA2A2E284EE1004F952D /* Build configuration list for PBXNativeTarget "TMer Watch AppTests" */;
			buildPhases = (
				E8A7FA0B2E284EE1004F952D /* Sources */,
				E8A7FA0C2E284EE1004F952D /* Frameworks */,
				E8A7FA0D2E284EE1004F952D /* Resources */,
			);
			buildRules = (
			);
			dependencies = (
				E8A7FA112E284EE1004F952D /* PBXTargetDependency */,
			);
			fileSystemSynchronizedGroups = (
				E8A7FA122E284EE1004F952D /* TMer Watch AppTests */,
			);
			name = "TMer Watch AppTests";
			packageProductDependencies = (
			);
			productName = "TMer Watch AppTests";
			productReference = E8A7FA0F2E284EE1004F952D /* TMer Watch AppTests.xctest */;
			productType = "com.apple.product-type.bundle.unit-test";
		};
		E8A7FA182E284EE1004F952D /* TMer Watch AppUITests */ = {
			isa = PBXNativeTarget;
			buildConfigurationList = E8A7FA2D2E284EE1004F952D /* Build configuration list for PBXNativeTarget "TMer Watch AppUITests" */;
			buildPhases = (
				E8A7FA152E284EE1004F952D /* Sources */,
				E8A7FA162E284EE1004F952D /* Frameworks */,
				E8A7FA172E284EE1004F952D /* Resources */,
			);
			buildRules = (
			);
			dependencies = (
				E8A7FA1B2E284EE1004F952D /* PBXTargetDependency */,
			);
			fileSystemSynchronizedGroups = (
				E8A7FA1C2E284EE1004F952D /* TMer Watch AppUITests */,
			);
			name = "TMer Watch AppUITests";
			packageProductDependencies = (
			);
			productName = "TMer Watch AppUITests";
			productReference = E8A7FA192E284EE1004F952D /* TMer Watch AppUITests.xctest */;
			productType = "com.apple.product-type.bundle.ui-testing";
		};
/* End PBXNativeTarget section */

/* Begin PBXProject section */
		E8A7F9F42E284EE0004F952D /* Project object */ = {
			isa = PBXProject;
			attributes = {
				BuildIndependentTargetsInParallel = 1;
				LastSwiftUpdateCheck = 1640;
				LastUpgradeCheck = 1640;
				TargetAttributes = {
					E8A7F9F92E284EE0004F952D = {
						CreatedOnToolsVersion = 16.4;
					};
					E8A7F9FF2E284EE0004F952D = {
						CreatedOnToolsVersion = 16.4;
					};
					E8A7FA0E2E284EE1004F952D = {
						CreatedOnToolsVersion = 16.4;
						TestTargetID = E8A7F9FF2E284EE0004F952D;
					};
					E8A7FA182E284EE1004F952D = {
						CreatedOnToolsVersion = 16.4;
						TestTargetID = E8A7F9FF2E284EE0004F952D;
					};
				};
			};
			buildConfigurationList = E8A7F9F72E284EE0004F952D /* Build configuration list for PBXProject "TMer" */;
			developmentRegion = en;
			hasScannedForEncodings = 0;
			knownRegions = (
				en,
				Base,
			);
			mainGroup = E8A7F9F32E284EE0004F952D;
			minimizedProjectReferenceProxies = 1;
			preferredProjectObjectVersion = 77;
			productRefGroup = E8A7F9FB2E284EE0004F952D /* Products */;
			projectDirPath = "";
			projectRoot = "";
			targets = (
				E8A7F9F92E284EE0004F952D /* TMer */,
				E8A7F9FF2E284EE0004F952D /* TMer Watch App */,
				E8A7FA0E2E284EE1004F952D /* TMer Watch AppTests */,
				E8A7FA182E284EE1004F952D /* TMer Watch AppUITests */,
			);
		};
/* End PBXProject section */

/* Begin PBXResourcesBuildPhase section */
		E8A7F9F82E284EE0004F952D /* Resources */ = {
			isa = PBXResourcesBuildPhase;
			buildActionMask = 2147483647;
			files = (
			);
			runOnlyForDeploymentPostprocessing = 0;
		};
		E8A7F9FE2E284EE0004F952D /* Resources */ = {
			isa = PBXResourcesBuildPhase;
			buildActionMask = 2147483647;
			files = (
			);
			runOnlyForDeploymentPostprocessing = 0;
		};
		E8A7FA0D2E284EE1004F952D /* Resources */ = {
			isa = PBXResourcesBuildPhase;
			buildActionMask = 2147483647;
			files = (
			);
			runOnlyForDeploymentPostprocessing = 0;
		};
		E8A7FA172E284EE1004F952D /* Resources */ = {
			isa = PBXResourcesBuildPhase;
			buildActionMask = 2147483647;
			files = (
			);
			runOnlyForDeploymentPostprocessing = 0;
		};
/* End PBXResourcesBuildPhase section */

/* Begin PBXSourcesBuildPhase section */
		E8A7F9FC2E284EE0004F952D /* Sources */ = {
			isa = PBXSourcesBuildPhase;
			buildActionMask = 2147483647;
			files = (
			);
			runOnlyForDeploymentPostprocessing = 0;
		};
		E8A7FA0B2E284EE1004F952D /* Sources */ = {
			isa = PBXSourcesBuildPhase;
			buildActionMask = 2147483647;
			files = (
			);
			runOnlyForDeploymentPostprocessing = 0;
		};
		E8A7FA152E284EE1004F952D /* Sources */ = {
			isa = PBXSourcesBuildPhase;
			buildActionMask = 2147483647;
			files = (
			);
			runOnlyForDeploymentPostprocessing = 0;
		};
/* End PBXSourcesBuildPhase section */

/* Begin PBXTargetDependency section */
		E8A7FA032E284EE0004F952D /* PBXTargetDependency */ = {
			isa = PBXTargetDependency;
			target = E8A7F9FF2E284EE0004F952D /* TMer Watch App */;
			targetProxy = E8A7FA022E284EE0004F952D /* PBXContainerItemProxy */;
		};
		E8A7FA112E284EE1004F952D /* PBXTargetDependency */ = {
			isa = PBXTargetDependency;
			target = E8A7F9FF2E284EE0004F952D /* TMer Watch App */;
			targetProxy = E8A7FA102E284EE1004F952D /* PBXContainerItemProxy */;
		};
		E8A7FA1B2E284EE1004F952D /* PBXTargetDependency */ = {
			isa = PBXTargetDependency;
			target = E8A7F9FF2E284EE0004F952D /* TMer Watch App */;
			targetProxy = E8A7FA1A2E284EE1004F952D /* PBXContainerItemProxy */;
		};
/* End PBXTargetDependency section */

/* Begin XCBuildConfiguration section */
		E8A7FA212E284EE1004F952D /* Debug */ = {
			isa = XCBuildConfiguration;
			buildSettings = {
				ALWAYS_SEARCH_USER_PATHS = NO;
				ASSETCATALOG_COMPILER_GENERATE_SWIFT_ASSET_SYMBOL_EXTENSIONS = YES;
				CLANG_ANALYZER_NONNULL = YES;
				CLANG_ANALYZER_NUMBER_OBJECT_CONVERSION = YES_AGGRESSIVE;
				CLANG_CXX_LANGUAGE_STANDARD = "gnu++20";
				CLANG_ENABLE_MODULES = YES;
				CLANG_ENABLE_OBJC_ARC = YES;
				CLANG_ENABLE_OBJC_WEAK = YES;
				CLANG_WARN_BLOCK_CAPTURE_AUTORELEASING = YES;
				CLANG_WARN_BOOL_CONVERSION = YES;
				CLANG_WARN_COMMA = YES;
				CLANG_WARN_CONSTANT_CONVERSION = YES;
				CLANG_WARN_DEPRECATED_OBJC_IMPLEMENTATIONS = YES;
				CLANG_WARN_DIRECT_OBJC_ISA_USAGE = YES_ERROR;
				CLANG_WARN_DOCUMENTATION_COMMENTS = YES;
				CLANG_WARN_EMPTY_BODY = YES;
				CLANG_WARN_ENUM_CONVERSION = YES;
				CLANG_WARN_INFINITE_RECURSION = YES;
				CLANG_WARN_INT_CONVERSION = YES;
				CLANG_WARN_NON_LITERAL_NULL_CONVERSION = YES;
				CLANG_WARN_OBJC_IMPLICIT_RETAIN_SELF = YES;
				CLANG_WARN_OBJC_LITERAL_CONVERSION = YES;
				CLANG_WARN_OBJC_ROOT_CLASS = YES_ERROR;
				CLANG_WARN_QUOTED_INCLUDE_IN_FRAMEWORK_HEADER = YES;
				CLANG_WARN_RANGE_LOOP_ANALYSIS = YES;
				CLANG_WARN_STRICT_PROTOTYPES = YES;
				CLANG_WARN_SUSPICIOUS_MOVE = YES;
				CLANG_WARN_UNGUARDED_AVAILABILITY = YES_AGGRESSIVE;
				CLANG_WARN_UNREACHABLE_CODE = YES;
				CLANG_WARN__DUPLICATE_METHOD_MATCH = YES;
				COPY_PHASE_STRIP = NO;
				DEBUG_INFORMATION_FORMAT = dwarf;
				DEVELOPMENT_TEAM = Z32MP47NRH;
				ENABLE_STRICT_OBJC_MSGSEND = YES;
				ENABLE_TESTABILITY = YES;
				ENABLE_USER_SCRIPT_SANDBOXING = YES;
				GCC_C_LANGUAGE_STANDARD = gnu17;
				GCC_DYNAMIC_NO_PIC = NO;
				GCC_NO_COMMON_BLOCKS = YES;
				GCC_OPTIMIZATION_LEVEL = 0;
				GCC_PREPROCESSOR_DEFINITIONS = (
					"DEBUG=1",
					"$(inherited)",
				);
				GCC_WARN_64_TO_32_BIT_CONVERSION = YES;
				GCC_WARN_ABOUT_RETURN_TYPE = YES_ERROR;
				GCC_WARN_UNDECLARED_SELECTOR = YES;
				GCC_WARN_UNINITIALIZED_AUTOS = YES_AGGRESSIVE;
				GCC_WARN_UNUSED_FUNCTION = YES;
				GCC_WARN_UNUSED_VARIABLE = YES;
				LOCALIZATION_PREFERS_STRING_CATALOGS = YES;
				MTL_ENABLE_DEBUG_INFO = INCLUDE_SOURCE;
				MTL_FAST_MATH = YES;
				ONLY_ACTIVE_ARCH = YES;
				SWIFT_ACTIVE_COMPILATION_CONDITIONS = "DEBUG $(inherited)";
				SWIFT_OPTIMIZATION_LEVEL = "-Onone";
			};
			name = Debug;
		};
		E8A7FA222E284EE1004F952D /* Release */ = {
			isa = XCBuildConfiguration;
			buildSettings = {
				ALWAYS_SEARCH_USER_PATHS = NO;
				ASSETCATALOG_COMPILER_GENERATE_SWIFT_ASSET_SYMBOL_EXTENSIONS = YES;
				CLANG_ANALYZER_NONNULL = YES;
				CLANG_ANALYZER_NUMBER_OBJECT_CONVERSION = YES_AGGRESSIVE;
				CLANG_CXX_LANGUAGE_STANDARD = "gnu++20";
				CLANG_ENABLE_MODULES = YES;
				CLANG_ENABLE_OBJC_ARC = YES;
				CLANG_ENABLE_OBJC_WEAK = YES;
				CLANG_WARN_BLOCK_CAPTURE_AUTORELEASING = YES;
				CLANG_WARN_BOOL_CONVERSION = YES;
				CLANG_WARN_COMMA = YES;
				CLANG_WARN_CONSTANT_CONVERSION = YES;
				CLANG_WARN_DEPRECATED_OBJC_IMPLEMENTATIONS = YES;
				CLANG_WARN_DIRECT_OBJC_ISA_USAGE = YES_ERROR;
				CLANG_WARN_DOCUMENTATION_COMMENTS = YES;
				CLANG_WARN_EMPTY_BODY = YES;
				CLANG_WARN_ENUM_CONVERSION = YES;
				CLANG_WARN_INFINITE_RECURSION = YES;
				CLANG_WARN_INT_CONVERSION = YES;
				CLANG_WARN_NON_LITERAL_NULL_CONVERSION = YES;
				CLANG_WARN_OBJC_IMPLICIT_RETAIN_SELF = YES;
				CLANG_WARN_OBJC_LITERAL_CONVERSION = YES;
				CLANG_WARN_OBJC_ROOT_CLASS = YES_ERROR;
				CLANG_WARN_QUOTED_INCLUDE_IN_FRAMEWORK_HEADER = YES;
				CLANG_WARN_RANGE_LOOP_ANALYSIS = YES;
				CLANG_WARN_STRICT_PROTOTYPES = YES;
				CLANG_WARN_SUSPICIOUS_MOVE = YES;
				CLANG_WARN_UNGUARDED_AVAILABILITY = YES_AGGRESSIVE;
				CLANG_WARN_UNREACHABLE_CODE = YES;
				CLANG_WARN__DUPLICATE_METHOD_MATCH = YES;
				COPY_PHASE_STRIP = NO;
				DEBUG_INFORMATION_FORMAT = "dwarf-with-dsym";
				DEVELOPMENT_TEAM = Z32MP47NRH;
				ENABLE_NS_ASSERTIONS = NO;
				ENABLE_STRICT_OBJC_MSGSEND = YES;
				ENABLE_USER_SCRIPT_SANDBOXING = YES;
				GCC_C_LANGUAGE_STANDARD = gnu17;
				GCC_NO_COMMON_BLOCKS = YES;
				GCC_WARN_64_TO_32_BIT_CONVERSION = YES;
				GCC_WARN_ABOUT_RETURN_TYPE = YES_ERROR;
				GCC_WARN_UNDECLARED_SELECTOR = YES;
				GCC_WARN_UNINITIALIZED_AUTOS = YES_AGGRESSIVE;
				GCC_WARN_UNUSED_FUNCTION = YES;
				GCC_WARN_UNUSED_VARIABLE = YES;
				LOCALIZATION_PREFERS_STRING_CATALOGS = YES;
				MTL_ENABLE_DEBUG_INFO = NO;
				MTL_FAST_MATH = YES;
				SWIFT_COMPILATION_MODE = wholemodule;
			};
			name = Release;
		};
		E8A7FA242E284EE1004F952D /* Debug */ = {
			isa = XCBuildConfiguration;
			buildSettings = {
				ASSETCATALOG_COMPILER_APPICON_NAME = AppIcon;
				ASSETCATALOG_COMPILER_GLOBAL_ACCENT_COLOR_NAME = AccentColor;
				CODE_SIGN_STYLE = Automatic;
				CURRENT_PROJECT_VERSION = 1;
				DEVELOPMENT_TEAM = Z32MP47NRH;
				ENABLE_PREVIEWS = YES;
				GENERATE_INFOPLIST_FILE = YES;
				INFOPLIST_KEY_CFBundleDisplayName = TMer;
				INFOPLIST_KEY_UISupportedInterfaceOrientations = "UIInterfaceOrientationPortrait UIInterfaceOrientationPortraitUpsideDown";
				INFOPLIST_KEY_WKWatchOnly = YES;
				LD_RUNPATH_SEARCH_PATHS = (
					"$(inherited)",
					"@executable_path/Frameworks",
				);
				MARKETING_VERSION = 1.0;
				PRODUCT_BUNDLE_IDENTIFIER = com.michaelpaulwood.TMer.watchkitapp;
				PRODUCT_NAME = "$(TARGET_NAME)";
				SDKROOT = watchos;
				SKIP_INSTALL = YES;
				SWIFT_EMIT_LOC_STRINGS = YES;
				SWIFT_VERSION = 5.0;
				TARGETED_DEVICE_FAMILY = 4;
				WATCHOS_DEPLOYMENT_TARGET = 11.5;
			};
			name = Debug;
		};
		E8A7FA252E284EE1004F952D /* Release */ = {
			isa = XCBuildConfiguration;
			buildSettings = {
				ASSETCATALOG_COMPILER_APPICON_NAME = AppIcon;
				ASSETCATALOG_COMPILER_GLOBAL_ACCENT_COLOR_NAME = AccentColor;
				CODE_SIGN_STYLE = Automatic;
				CURRENT_PROJECT_VERSION = 1;
				DEVELOPMENT_TEAM = Z32MP47NRH;
				ENABLE_PREVIEWS = YES;
				GENERATE_INFOPLIST_FILE = YES;
				INFOPLIST_KEY_CFBundleDisplayName = TMer;
				INFOPLIST_KEY_UISupportedInterfaceOrientations = "UIInterfaceOrientationPortrait UIInterfaceOrientationPortraitUpsideDown";
				INFOPLIST_KEY_WKWatchOnly = YES;
				LD_RUNPATH_SEARCH_PATHS = (
					"$(inherited)",
					"@executable_path/Frameworks",
				);
				MARKETING_VERSION = 1.0;
				PRODUCT_BUNDLE_IDENTIFIER = com.michaelpaulwood.TMer.watchkitapp;
				PRODUCT_NAME = "$(TARGET_NAME)";
				SDKROOT = watchos;
				SKIP_INSTALL = YES;
				SWIFT_EMIT_LOC_STRINGS = YES;
				SWIFT_VERSION = 5.0;
				TARGETED_DEVICE_FAMILY = 4;
				VALIDATE_PRODUCT = YES;
				WATCHOS_DEPLOYMENT_TARGET = 11.5;
			};
			name = Release;
		};
		E8A7FA282E284EE1004F952D /* Debug */ = {
			isa = XCBuildConfiguration;
			buildSettings = {
				CODE_SIGN_STYLE = Automatic;
				CURRENT_PROJECT_VERSION = 1;
				DEVELOPMENT_TEAM = Z32MP47NRH;
				INFOPLIST_KEY_CFBundleDisplayName = TMer;
				MARKETING_VERSION = 1.0;
				PRODUCT_BUNDLE_IDENTIFIER = com.michaelpaulwood.TMer;
				PRODUCT_NAME = "$(TARGET_NAME)";
				SDKROOT = iphoneos;
				SWIFT_VERSION = 5.0;
			};
			name = Debug;
		};
		E8A7FA292E284EE1004F952D /* Release */ = {
			isa = XCBuildConfiguration;
			buildSettings = {
				CODE_SIGN_STYLE = Automatic;
				CURRENT_PROJECT_VERSION = 1;
				DEVELOPMENT_TEAM = Z32MP47NRH;
				INFOPLIST_KEY_CFBundleDisplayName = TMer;
				MARKETING_VERSION = 1.0;
				PRODUCT_BUNDLE_IDENTIFIER = com.michaelpaulwood.TMer;
				PRODUCT_NAME = "$(TARGET_NAME)";
				SDKROOT = iphoneos;
				SWIFT_VERSION = 5.0;
				VALIDATE_PRODUCT = YES;
			};
			name = Release;
		};
		E8A7FA2B2E284EE1004F952D /* Debug */ = {
			isa = XCBuildConfiguration;
			buildSettings = {
				BUNDLE_LOADER = "$(TEST_HOST)";
				CODE_SIGN_STYLE = Automatic;
				CURRENT_PROJECT_VERSION = 1;
				DEVELOPMENT_TEAM = Z32MP47NRH;
				GENERATE_INFOPLIST_FILE = YES;
				MARKETING_VERSION = 1.0;
				PRODUCT_BUNDLE_IDENTIFIER = "com.michaelpaulwood.TMer-Watch-AppTests";
				PRODUCT_NAME = "$(TARGET_NAME)";
				SDKROOT = watchos;
				SWIFT_EMIT_LOC_STRINGS = NO;
				SWIFT_VERSION = 5.0;
				TARGETED_DEVICE_FAMILY = 4;
				TEST_HOST = "$(BUILT_PRODUCTS_DIR)/TMer Watch App.app/$(BUNDLE_EXECUTABLE_FOLDER_PATH)/TMer Watch App";
				WATCHOS_DEPLOYMENT_TARGET = 11.5;
			};
			name = Debug;
		};
		E8A7FA2C2E284EE1004F952D /* Release */ = {
			isa = XCBuildConfiguration;
			buildSettings = {
				BUNDLE_LOADER = "$(TEST_HOST)";
				CODE_SIGN_STYLE = Automatic;
				CURRENT_PROJECT_VERSION = 1;
				DEVELOPMENT_TEAM = Z32MP47NRH;
				GENERATE_INFOPLIST_FILE = YES;
				MARKETING_VERSION = 1.0;
				PRODUCT_BUNDLE_IDENTIFIER = "com.michaelpaulwood.TMer-Watch-AppTests";
				PRODUCT_NAME = "$(TARGET_NAME)";
				SDKROOT = watchos;
				SWIFT_EMIT_LOC_STRINGS = NO;
				SWIFT_VERSION = 5.0;
				TARGETED_DEVICE_FAMILY = 4;
				TEST_HOST = "$(BUILT_PRODUCTS_DIR)/TMer Watch App.app/$(BUNDLE_EXECUTABLE_FOLDER_PATH)/TMer Watch App";
				VALIDATE_PRODUCT = YES;
				WATCHOS_DEPLOYMENT_TARGET = 11.5;
			};
			name = Release;
		};
		E8A7FA2E2E284EE1004F952D /* Debug */ = {
			isa = XCBuildConfiguration;
			buildSettings = {
				CODE_SIGN_STYLE = Automatic;
				CURRENT_PROJECT_VERSION = 1;
				DEVELOPMENT_TEAM = Z32MP47NRH;
				GENERATE_INFOPLIST_FILE = YES;
				MARKETING_VERSION = 1.0;
				PRODUCT_BUNDLE_IDENTIFIER = "com.michaelpaulwood.TMer-Watch-AppUITests";
				PRODUCT_NAME = "$(TARGET_NAME)";
				SDKROOT = watchos;
				SWIFT_EMIT_LOC_STRINGS = NO;
				SWIFT_VERSION = 5.0;
				TARGETED_DEVICE_FAMILY = 4;
				TEST_TARGET_NAME = "TMer Watch App";
				WATCHOS_DEPLOYMENT_TARGET = 11.5;
			};
			name = Debug;
		};
		E8A7FA2F2E284EE1004F952D /* Release */ = {
			isa = XCBuildConfiguration;
			buildSettings = {
				CODE_SIGN_STYLE = Automatic;
				CURRENT_PROJECT_VERSION = 1;
				DEVELOPMENT_TEAM = Z32MP47NRH;
				GENERATE_INFOPLIST_FILE = YES;
				MARKETING_VERSION = 1.0;
				PRODUCT_BUNDLE_IDENTIFIER = "com.michaelpaulwood.TMer-Watch-AppUITests";
				PRODUCT_NAME = "$(TARGET_NAME)";
				SDKROOT = watchos;
				SWIFT_EMIT_LOC_STRINGS = NO;
				SWIFT_VERSION = 5.0;
				TARGETED_DEVICE_FAMILY = 4;
				TEST_TARGET_NAME = "TMer Watch App";
				VALIDATE_PRODUCT = YES;
				WATCHOS_DEPLOYMENT_TARGET = 11.5;
			};
			name = Release;
		};
/* End XCBuildConfiguration section */

/* Begin XCConfigurationList section */
		E8A7F9F72E284EE0004F952D /* Build configuration list for PBXProject "TMer" */ = {
			isa = XCConfigurationList;
			buildConfigurations = (
				E8A7FA212E284EE1004F952D /* Debug */,
				E8A7FA222E284EE1004F952D /* Release */,
			);
			defaultConfigurationIsVisible = 0;
			defaultConfigurationName = Release;
		};
		E8A7FA232E284EE1004F952D /* Build configuration list for PBXNativeTarget "TMer Watch App" */ = {
			isa = XCConfigurationList;
			buildConfigurations = (
				E8A7FA242E284EE1004F952D /* Debug */,
				E8A7FA252E284EE1004F952D /* Release */,
			);
			defaultConfigurationIsVisible = 0;
			defaultConfigurationName = Release;
		};
		E8A7FA272E284EE1004F952D /* Build configuration list for PBXNativeTarget "TMer" */ = {
			isa = XCConfigurationList;
			buildConfigurations = (
				E8A7FA282E284EE1004F952D /* Debug */,
				E8A7FA292E284EE1004F952D /* Release */,
			);
			defaultConfigurationIsVisible = 0;
			defaultConfigurationName = Release;
		};
		E8A7FA2A2E284EE1004F952D /* Build configuration list for PBXNativeTarget "TMer Watch AppTests" */ = {
			isa = XCConfigurationList;
			buildConfigurations = (
				E8A7FA2B2E284EE1004F952D /* Debug */,
				E8A7FA2C2E284EE1004F952D /* Release */,
			);
			defaultConfigurationIsVisible = 0;
			defaultConfigurationName = Release;
		};
		E8A7FA2D2E284EE1004F952D /* Build configuration list for PBXNativeTarget "TMer Watch AppUITests" */ = {
			isa = XCConfigurationList;
			buildConfigurations = (
				E8A7FA2E2E284EE1004F952D /* Debug */,
				E8A7FA2F2E284EE1004F952D /* Release */,
			);
			defaultConfigurationIsVisible = 0;
			defaultConfigurationName = Release;
		};
/* End XCConfigurationList section */
	};
	rootObject = E8A7F9F42E284EE0004F952D /* Project object */;
}
